
Microsoft Visual Studio Solution File, Format Version 12.00
# Visual Studio Version 16
VisualStudioVersion = 16.0.31321.278
MinimumVisualStudioVersion = 10.0.40219.1
Project("{FAE04EC0-301F-11D3-BF4B-00C04F79EFBC}") = "VariableDeclaration", "VariableDeclaration\VariableDeclaration.csproj", "{218BFB7C-00D3-4319-9D6D-30D0577DDCA8}"
EndProject
Global
	GlobalSection(SolutionConfigurationPlatforms) = preSolution
		Debug|Any CPU = Debug|Any CPU
		Release|Any CPU = Release|Any CPU
	EndGlobalSection
	GlobalSection(ProjectConfigurationPlatforms) = postSolution
		{218BFB7C-00D3-4319-9D6D-30D0577DDCA8}.Debug|Any CPU.ActiveCfg = Debug|Any CPU
		{218BFB7C-00D3-4319-9D6D-30D0577DDCA8}.Debug|Any CPU.Build.0 = Debug|Any CPU
		{218BFB7C-00D3-4319-9D6D-30D0577DDCA8}.Release|Any CPU.ActiveCfg = Release|Any CPU
		{218BFB7C-00D3-4319-9D6D-30D0577DDCA8}.Release|Any CPU.Build.0 = Release|Any CPU
	EndGlobalSection
	GlobalSection(SolutionProperties) = preSolution
		HideSolutionNode = FALSE
	EndGlobalSection
	GlobalSection(ExtensibilityGlobals) = postSolution
		SolutionGuid = {22F0476E-4B10-4461-82E7-E69D905F9B8F}
	EndGlobalSection
EndGlobal
