
Microsoft Visual Studio Solution File, Format Version 12.00
# Visual Studio Version 16
VisualStudioVersion = 16.0.31515.178
MinimumVisualStudioVersion = 10.0.40219.1
Project("{FAE04EC0-301F-11D3-BF4B-00C04F79EFBC}") = "IteratorExample", "IteratorExample\IteratorExample.csproj", "{D57355B3-E162-4409-B1C5-0E47D63BD6F9}"
EndProject
Global
	GlobalSection(SolutionConfigurationPlatforms) = preSolution
		Debug|Any CPU = Debug|Any CPU
		Release|Any CPU = Release|Any CPU
	EndGlobalSection
	GlobalSection(ProjectConfigurationPlatforms) = postSolution
		{D57355B3-E162-4409-B1C5-0E47D63BD6F9}.Debug|Any CPU.ActiveCfg = Debug|Any CPU
		{D57355B3-E162-4409-B1C5-0E47D63BD6F9}.Debug|Any CPU.Build.0 = Debug|Any CPU
		{D57355B3-E162-4409-B1C5-0E47D63BD6F9}.Release|Any CPU.ActiveCfg = Release|Any CPU
		{D57355B3-E162-4409-B1C5-0E47D63BD6F9}.Release|Any CPU.Build.0 = Release|Any CPU
	EndGlobalSection
	GlobalSection(SolutionProperties) = preSolution
		HideSolutionNode = FALSE
	EndGlobalSection
	GlobalSection(ExtensibilityGlobals) = postSolution
		SolutionGuid = {2FFF02D9-A90E-4143-8386-BEC41CCD1BD0}
	EndGlobalSection
EndGlobal
