
Microsoft Visual Studio Solution File, Format Version 12.00
# Visual Studio Version 16
VisualStudioVersion = 16.0.31515.178
MinimumVisualStudioVersion = 10.0.40219.1
Project("{FAE04EC0-301F-11D3-BF4B-00C04F79EFBC}") = "CompositePatternExample", "CompositePatternExample\CompositePatternExample.csproj", "{9A6B637E-3FED-4EF4-BDE0-D6B3E59B602B}"
EndProject
Global
	GlobalSection(SolutionConfigurationPlatforms) = preSolution
		Debug|Any CPU = Debug|Any CPU
		Release|Any CPU = Release|Any CPU
	EndGlobalSection
	GlobalSection(ProjectConfigurationPlatforms) = postSolution
		{9A6B637E-3FED-4EF4-BDE0-D6B3E59B602B}.Debug|Any CPU.ActiveCfg = Debug|Any CPU
		{9A6B637E-3FED-4EF4-BDE0-D6B3E59B602B}.Debug|Any CPU.Build.0 = Debug|Any CPU
		{9A6B637E-3FED-4EF4-BDE0-D6B3E59B602B}.Release|Any CPU.ActiveCfg = Release|Any CPU
		{9A6B637E-3FED-4EF4-BDE0-D6B3E59B602B}.Release|Any CPU.Build.0 = Release|Any CPU
	EndGlobalSection
	GlobalSection(SolutionProperties) = preSolution
		HideSolutionNode = FALSE
	EndGlobalSection
	GlobalSection(ExtensibilityGlobals) = postSolution
		SolutionGuid = {14E00DEB-9E8B-4417-8177-28B5BCC09AD2}
	EndGlobalSection
EndGlobal
