
Microsoft Visual Studio Solution File, Format Version 12.00
# Visual Studio Version 16
VisualStudioVersion = 16.0.31321.278
MinimumVisualStudioVersion = 10.0.40219.1
Project("{FAE04EC0-301F-11D3-BF4B-00C04F79EFBC}") = "LINQExtensionMethodsExercise", "LINQExtensionMethodsExercise\LINQExtensionMethodsExercise.csproj", "{1F184758-9CE5-429E-80B0-923CC1872C6E}"
EndProject
Global
	GlobalSection(SolutionConfigurationPlatforms) = preSolution
		Debug|Any CPU = Debug|Any CPU
		Release|Any CPU = Release|Any CPU
	EndGlobalSection
	GlobalSection(ProjectConfigurationPlatforms) = postSolution
		{1F184758-9CE5-429E-80B0-923CC1872C6E}.Debug|Any CPU.ActiveCfg = Debug|Any CPU
		{1F184758-9CE5-429E-80B0-923CC1872C6E}.Debug|Any CPU.Build.0 = Debug|Any CPU
		{1F184758-9CE5-429E-80B0-923CC1872C6E}.Release|Any CPU.ActiveCfg = Release|Any CPU
		{1F184758-9CE5-429E-80B0-923CC1872C6E}.Release|Any CPU.Build.0 = Release|Any CPU
	EndGlobalSection
	GlobalSection(SolutionProperties) = preSolution
		HideSolutionNode = FALSE
	EndGlobalSection
	GlobalSection(ExtensibilityGlobals) = postSolution
		SolutionGuid = {2CCA878B-4A71-4C7B-8702-828E5A4BF8CB}
	EndGlobalSection
EndGlobal
