
Microsoft Visual Studio Solution File, Format Version 12.00
# Visual Studio Version 16
VisualStudioVersion = 16.0.31321.278
MinimumVisualStudioVersion = 10.0.40219.1
Project("{FAE04EC0-301F-11D3-BF4B-00C04F79EFBC}") = "DelegatesExercise", "DelegatesExercise\DelegatesExercise.csproj", "{51D3AEBE-0E5A-438B-8065-CCA045BBD818}"
EndProject
Global
	GlobalSection(SolutionConfigurationPlatforms) = preSolution
		Debug|Any CPU = Debug|Any CPU
		Release|Any CPU = Release|Any CPU
	EndGlobalSection
	GlobalSection(ProjectConfigurationPlatforms) = postSolution
		{51D3AEBE-0E5A-438B-8065-CCA045BBD818}.Debug|Any CPU.ActiveCfg = Debug|Any CPU
		{51D3AEBE-0E5A-438B-8065-CCA045BBD818}.Debug|Any CPU.Build.0 = Debug|Any CPU
		{51D3AEBE-0E5A-438B-8065-CCA045BBD818}.Release|Any CPU.ActiveCfg = Release|Any CPU
		{51D3AEBE-0E5A-438B-8065-CCA045BBD818}.Release|Any CPU.Build.0 = Release|Any CPU
	EndGlobalSection
	GlobalSection(SolutionProperties) = preSolution
		HideSolutionNode = FALSE
	EndGlobalSection
	GlobalSection(ExtensibilityGlobals) = postSolution
		SolutionGuid = {2A1B6212-B18B-43E5-99BF-0D9909A06E67}
	EndGlobalSection
EndGlobal
