
Microsoft Visual Studio Solution File, Format Version 12.00
# Visual Studio Version 16
VisualStudioVersion = 16.0.31321.278
MinimumVisualStudioVersion = 10.0.40219.1
Project("{FAE04EC0-301F-11D3-BF4B-00C04F79EFBC}") = "TransportClassesExercise", "TransportClassesExercise\TransportClassesExercise.csproj", "{94AD8E32-E8B4-45B0-8C53-501FB69D4A85}"
EndProject
Global
	GlobalSection(SolutionConfigurationPlatforms) = preSolution
		Debug|Any CPU = Debug|Any CPU
		Release|Any CPU = Release|Any CPU
	EndGlobalSection
	GlobalSection(ProjectConfigurationPlatforms) = postSolution
		{94AD8E32-E8B4-45B0-8C53-501FB69D4A85}.Debug|Any CPU.ActiveCfg = Debug|Any CPU
		{94AD8E32-E8B4-45B0-8C53-501FB69D4A85}.Debug|Any CPU.Build.0 = Debug|Any CPU
		{94AD8E32-E8B4-45B0-8C53-501FB69D4A85}.Release|Any CPU.ActiveCfg = Release|Any CPU
		{94AD8E32-E8B4-45B0-8C53-501FB69D4A85}.Release|Any CPU.Build.0 = Release|Any CPU
	EndGlobalSection
	GlobalSection(SolutionProperties) = preSolution
		HideSolutionNode = FALSE
	EndGlobalSection
	GlobalSection(ExtensibilityGlobals) = postSolution
		SolutionGuid = {5A0FA90F-AE01-4366-A139-32177965CBD7}
	EndGlobalSection
EndGlobal
