
Microsoft Visual Studio Solution File, Format Version 12.00
# Visual Studio Version 16
VisualStudioVersion = 16.0.31321.278
MinimumVisualStudioVersion = 10.0.40219.1
Project("{FAE04EC0-301F-11D3-BF4B-00C04F79EFBC}") = "FibonacciSeries", "FibonacciSeries\FibonacciSeries.csproj", "{38CD57F0-C7AA-4D95-83FD-DD5FA22A0955}"
EndProject
Global
	GlobalSection(SolutionConfigurationPlatforms) = preSolution
		Debug|Any CPU = Debug|Any CPU
		Release|Any CPU = Release|Any CPU
	EndGlobalSection
	GlobalSection(ProjectConfigurationPlatforms) = postSolution
		{38CD57F0-C7AA-4D95-83FD-DD5FA22A0955}.Debug|Any CPU.ActiveCfg = Debug|Any CPU
		{38CD57F0-C7AA-4D95-83FD-DD5FA22A0955}.Debug|Any CPU.Build.0 = Debug|Any CPU
		{38CD57F0-C7AA-4D95-83FD-DD5FA22A0955}.Release|Any CPU.ActiveCfg = Release|Any CPU
		{38CD57F0-C7AA-4D95-83FD-DD5FA22A0955}.Release|Any CPU.Build.0 = Release|Any CPU
	EndGlobalSection
	GlobalSection(SolutionProperties) = preSolution
		HideSolutionNode = FALSE
	EndGlobalSection
	GlobalSection(ExtensibilityGlobals) = postSolution
		SolutionGuid = {1E3C6CA8-E2F5-4AEA-B3CC-D6B248D251BB}
	EndGlobalSection
EndGlobal
